
Microsoft Visual Studio Solution File, Format Version 12.00
# Visual Studio Version 16
VisualStudioVersion = 16.0.30011.22
MinimumVisualStudioVersion = 10.0.40219.1
Project("{54435603-DBB4-11D2-8724-00A0C9A8B90C}") = "Setup1", "Setup1\Setup1.vdproj", "{1791CB28-AD4F-4E77-9186-EC931D7FCF37}"
EndProject
Global
	GlobalSection(SolutionConfigurationPlatforms) = preSolution
		Debug|Default = Debug|Default
		Debug|x64 = Debug|x64
		Release|Default = Release|Default
		Release|x64 = Release|x64
	EndGlobalSection
	GlobalSection(ProjectConfigurationPlatforms) = postSolution
		{1791CB28-AD4F-4E77-9186-EC931D7FCF37}.Debug|Default.ActiveCfg = Debug
		{1791CB28-AD4F-4E77-9186-EC931D7FCF37}.Debug|Default.Build.0 = Debug
		{1791CB28-AD4F-4E77-9186-EC931D7FCF37}.Debug|x64.ActiveCfg = Debug
		{1791CB28-AD4F-4E77-9186-EC931D7FCF37}.Debug|x64.Build.0 = Debug
		{1791CB28-AD4F-4E77-9186-EC931D7FCF37}.Release|Default.ActiveCfg = Release
		{1791CB28-AD4F-4E77-9186-EC931D7FCF37}.Release|Default.Build.0 = Release
		{1791CB28-AD4F-4E77-9186-EC931D7FCF37}.Release|x64.ActiveCfg = Release
		{1791CB28-AD4F-4E77-9186-EC931D7FCF37}.Release|x64.Build.0 = Release
	EndGlobalSection
	GlobalSection(SolutionProperties) = preSolution
		HideSolutionNode = FALSE
	EndGlobalSection
	GlobalSection(ExtensibilityGlobals) = postSolution
		SolutionGuid = {A4EA1C42-3C66-46E3-805B-D9FA4E4F9400}
	EndGlobalSection
	GlobalSection(SolutionConfigurationPlatforms) = preSolution
		Debug|Default = Debug|Default
		Debug|x64 = Debug|x64
		Release|Default = Release|Default
		Release|x64 = Release|x64
	EndGlobalSection
	GlobalSection(SolutionConfigurationPlatforms) = preSolution
		Debug|Default = Debug|Default
		Debug|x64 = Debug|x64
		Release|Default = Release|Default
		Release|x64 = Release|x64
	EndGlobalSection
EndGlobal
